PODS:
  - MaterialComponents/AnimationTiming (124.0.1)
  - MaterialComponents/Availability (124.0.1)
  - MaterialComponents/Buttons (124.0.1):
    - MaterialComponents/Elevation
    - MaterialComponents/Ink
    - MaterialComponents/private/Math
    - MaterialComponents/Ripple
    - MaterialComponents/ShadowElevations
    - MaterialComponents/ShadowLayer
    - MaterialComponents/ShapeLibrary
    - MaterialComponents/Shapes
    - MaterialComponents/Typography
    - MDFInternationalization
    - MDFTextAccessibility
  - MaterialComponents/Elevation (124.0.1):
    - MaterialComponents/Availability
    - MaterialComponents/private/Color
    - MaterialComponents/private/Math
  - MaterialComponents/Ink (124.0.1):
    - MaterialComponents/Availability
    - MaterialComponents/private/Color
    - MaterialComponents/private/Math
  - MaterialComponents/OverlayWindow (124.0.1):
    - MaterialComponents/Availability
    - MaterialComponents/private/Application
  - MaterialComponents/private/Application (124.0.1)
  - MaterialComponents/private/Color (124.0.1):
    - MaterialComponents/Availability
  - MaterialComponents/private/KeyboardWatcher (124.0.1):
    - MaterialComponents/private/Application
  - MaterialComponents/private/Math (124.0.1)
  - MaterialComponents/private/Overlay (124.0.1)
  - MaterialComponents/Ripple (124.0.1):
    - MaterialComponents/AnimationTiming
    - MaterialComponents/Availability
    - MaterialComponents/private/Color
    - MaterialComponents/private/Math
  - MaterialComponents/ShadowElevations (124.0.1)
  - MaterialComponents/ShadowLayer (124.0.1):
    - MaterialComponents/ShadowElevations
  - MaterialComponents/ShapeLibrary (124.0.1):
    - MaterialComponents/private/Math
    - MaterialComponents/Shapes
  - MaterialComponents/Shapes (124.0.1):
    - MaterialComponents/private/Color
    - MaterialComponents/private/Math
    - MaterialComponents/ShadowLayer
  - MaterialComponents/Snackbar (124.0.1):
    - MaterialComponents/AnimationTiming
    - MaterialComponents/Availability
    - MaterialComponents/Buttons
    - MaterialComponents/Elevation
    - MaterialComponents/OverlayWindow
    - MaterialComponents/private/Application
    - MaterialComponents/private/KeyboardWatcher
    - MaterialComponents/private/Math
    - MaterialComponents/private/Overlay
    - MaterialComponents/ShadowElevations
    - MaterialComponents/ShadowLayer
    - MaterialComponents/Typography
  - MaterialComponents/Typography (124.0.1):
    - MaterialComponents/private/Application
    - MaterialComponents/private/Math
    - MDFTextAccessibility
  - MDFInternationalization (2.0.0)
  - MDFTextAccessibility (2.0.1)
  - RxCocoa (6.1.0):
    - RxRelay (= 6.1.0)
    - RxSwift (= 6.1.0)
  - RxRelay (6.1.0):
    - RxSwift (= 6.1.0)
  - RxSwift (6.1.0)
  - SnapKit (5.0.1)

DEPENDENCIES:
  - MaterialComponents/Snackbar
  - RxCocoa
  - RxSwift
  - SnapKit

SPEC REPOS:
  trunk:
    - MaterialComponents
    - MDFInternationalization
    - MDFTextAccessibility
    - RxCocoa
    - RxRelay
    - RxSwift
    - SnapKit

SPEC CHECKSUMS:
  MaterialComponents: c3f4e9d8e9cf9f02ab94a8b4823539fd9c7bf505
  MDFInternationalization: 010097556d6b09d2c4ea38e0820ea6d37be6a314
  MDFTextAccessibility: f4bb4cc2194286651b59a215fdeaa0e05dc90ba5
  RxCocoa: 5c51f02d562cbd94629f6c26cf0c80fe4ab8d343
  RxRelay: 483e1a19fad961b41f0b0c0bee506f46c1ae14fe
  RxSwift: a834e5c538e89eca0cae86f403f4fbf0336786ce
  SnapKit: 97b92857e3df3a0c71833cce143274bf6ef8e5eb

PODFILE CHECKSUM: 17d5b7985984c5d115dc56cabdfc88614a790827

COCOAPODS: 1.10.1
